{
    "version": 3,
    "terraform_version": "0.11.14",
    "serial": 15,
    "lineage": "819ce1fb-0b9e-0b84-958d-ad5623693f2e",
    "modules": [
        {
            "path": [
                "root"
            ],
            "outputs": {},
            "resources": {
                "data.ibm_container_cluster_config.iks-cluster-config": {
                    "type": "ibm_container_cluster_config",
                    "depends_on": [
                        "data.ibm_resource_group.resource-group",
                        "ibm_container_cluster.iks-cluster",
                        "ibm_container_worker_pool.multizone",
                        "ibm_network_vlan.private",
                        "ibm_network_vlan.public"
                    ],
                    "primary": {
                        "id": "poc-team-env2-dev-iks-dal-01",
                        "attributes": {
                            "admin": "false",
                            "calico_config_file_path": "",
                            "cluster_name_id": "poc-team-env2-dev-iks-dal-01",
                            "config_dir": "/Users/Ajay.Jayswal@ibm.com",
                            "config_file_path": "/Users/Ajay.Jayswal@ibm.com/d222f646302398782e332e2c626e516fe0298a2e_poc-team-env2-dev-iks-dal-01_k8sconfig/config.yml",
                            "download": "true",
                            "id": "poc-team-env2-dev-iks-dal-01",
                            "network": "false",
                            "resource_group_id": "c66327a3523043c39a6411a787915d5a"
                        },
                        "meta": {},
                        "tainted": false
                    },
                    "deposed": [],
                    "provider": "provider.ibm"
                },
                "data.ibm_org.org": {
                    "type": "ibm_org",
                    "depends_on": [],
                    "primary": {
                        "id": "a8105e45-eb60-42f9-b4f7-52dc55fcbcca",
                        "attributes": {
                            "id": "a8105e45-eb60-42f9-b4f7-52dc55fcbcca",
                            "org": "twcoap@us.ibm.com"
                        },
                        "meta": {},
                        "tainted": false
                    },
                    "deposed": [],
                    "provider": "provider.ibm"
                },
                "data.ibm_resource_group.resource-group": {
                    "type": "ibm_resource_group",
                    "depends_on": [],
                    "primary": {
                        "id": "c66327a3523043c39a6411a787915d5a",
                        "attributes": {
                            "id": "c66327a3523043c39a6411a787915d5a",
                            "is_default": "false",
                            "name": "Default"
                        },
                        "meta": {},
                        "tainted": false
                    },
                    "deposed": [],
                    "provider": "provider.ibm"
                },
                "data.ibm_space.space": {
                    "type": "ibm_space",
                    "depends_on": [],
                    "primary": {
                        "id": "fb010c6b-ae44-45a9-b20d-eb7372b2c793",
                        "attributes": {
                            "auditors.#": "2",
                            "auditors.3068788355": "twcoap@us.ibm.com",
                            "auditors.338955265": "Ajay.Jayswal@ibm.com",
                            "developers.#": "2",
                            "developers.3068788355": "twcoap@us.ibm.com",
                            "developers.338955265": "Ajay.Jayswal@ibm.com",
                            "id": "fb010c6b-ae44-45a9-b20d-eb7372b2c793",
                            "managers.#": "2",
                            "managers.3068788355": "twcoap@us.ibm.com",
                            "managers.338955265": "Ajay.Jayswal@ibm.com",
                            "org": "twcoap@us.ibm.com",
                            "space": "dev"
                        },
                        "meta": {},
                        "tainted": false
                    },
                    "deposed": [],
                    "provider": "provider.ibm"
                },
                "ibm_container_cluster.iks-cluster": {
                    "type": "ibm_container_cluster",
                    "depends_on": [
                        "data.ibm_org.org",
                        "data.ibm_resource_group.resource-group",
                        "data.ibm_space.space",
                        "ibm_network_vlan.private",
                        "ibm_network_vlan.public"
                    ],
                    "primary": {
                        "id": "bof9hf2d0lu5tosarfl0",
                        "attributes": {
                            "albs.#": "1",
                            "albs.0.alb_ip": "52.116.148.131",
                            "albs.0.alb_type": "public",
                            "albs.0.disable_deployment": "false",
                            "albs.0.enable": "true",
                            "albs.0.id": "public-crbof9hf2d0lu5tosarfl0-alb1",
                            "albs.0.name": "",
                            "albs.0.num_of_instances": "2",
                            "albs.0.resize": "false",
                            "albs.0.state": "enabled",
                            "billing": "hourly",
                            "crn": "crn:v1:bluemix:public:containers-kubernetes:us-south:a/b5ecedf6a6bc4b7797bfd611e246f418:bof9hf2d0lu5tosarfl0::",
                            "datacenter": "dal10",
                            "default_pool_size": "1",
                            "disk_encryption": "true",
                            "hardware": "shared",
                            "id": "bof9hf2d0lu5tosarfl0",
                            "ingress_hostname": "poc-team-env2-dev-iks-d-e625c1c75db516d8352c73676ec447bb-0000.us-south.containers.appdomain.cloud",
                            "ingress_secret": "poc-team-env2-dev-iks-d-e625c1c75db516d8352c73676ec447bb-0000",
                            "is_trusted": "false",
                            "kube_version": "1.14.9",
                            "machine_type": "b2c.4x16",
                            "name": "poc-team-env2-dev-iks-dal-01",
                            "no_subnet": "false",
                            "org_guid": "a8105e45-eb60-42f9-b4f7-52dc55fcbcca",
                            "private_service_endpoint": "false",
                            "private_service_endpoint_url": "",
                            "private_vlan_id": "2782652",
                            "public_service_endpoint": "true",
                            "public_service_endpoint_url": "https://c2.us-south.containers.cloud.ibm.com:22713",
                            "public_vlan_id": "2782644",
                            "region": "us-south",
                            "resource_controller_url": "https://cloud.ibm.com/kubernetes/clusters",
                            "resource_crn": "crn:v1:bluemix:public:containers-kubernetes:us-south:a/b5ecedf6a6bc4b7797bfd611e246f418:bof9hf2d0lu5tosarfl0::",
                            "resource_group_id": "c66327a3523043c39a6411a787915d5a",
                            "resource_group_name": "Default",
                            "resource_name": "poc-team-env2-dev-iks-dal-01",
                            "resource_status": "normal",
                            "server_url": "https://c2.us-south.containers.cloud.ibm.com:22713",
                            "space_guid": "fb010c6b-ae44-45a9-b20d-eb7372b2c793",
                            "subnet_id.#": "0",
                            "tags.#": "0",
                            "update_all_workers": "false",
                            "wait_time_minutes": "90",
                            "worker_num": "0",
                            "worker_pools.#": "1",
                            "worker_pools.0.hardware": "public",
                            "worker_pools.0.id": "bof9hf2d0lu5tosarfl0-c01d00b",
                            "worker_pools.0.labels.%": "1",
                            "worker_pools.0.labels.ibm-cloud.kubernetes.io/worker-pool-id": "bof9hf2d0lu5tosarfl0-c01d00b",
                            "worker_pools.0.machine_type": "b2c.4x16.encrypted",
                            "worker_pools.0.name": "default",
                            "worker_pools.0.size_per_zone": "1",
                            "worker_pools.0.state": "active",
                            "worker_pools.0.zones.#": "1",
                            "worker_pools.0.zones.0.private_vlan": "2782652",
                            "worker_pools.0.zones.0.public_vlan": "2782644",
                            "worker_pools.0.zones.0.worker_count": "1",
                            "worker_pools.0.zones.0.zone": "dal10",
                            "workers_info.#": "1",
                            "workers_info.0.id": "kube-bof9hf2d0lu5tosarfl0-pocteamenv2-default-00000190",
                            "workers_info.0.pool_name": "default",
                            "workers_info.0.version": "1.14.9"
                        },
                        "meta": {
                            "e2bfb730-ecaa-11e6-8f88-34363bc7c4c0": {
                                "create": 5400000000000,
                                "delete": 2700000000000,
                                "update": 2700000000000
                            }
                        },
                        "tainted": false
                    },
                    "deposed": [],
                    "provider": "provider.ibm"
                },
                "ibm_container_worker_pool.multizone": {
                    "type": "ibm_container_worker_pool",
                    "depends_on": [
                        "data.ibm_resource_group.resource-group",
                        "ibm_container_cluster.iks-cluster"
                    ],
                    "primary": {
                        "id": "bof9hf2d0lu5tosarfl0/bof9hf2d0lu5tosarfl0-197ef87",
                        "attributes": {
                            "cluster": "bof9hf2d0lu5tosarfl0",
                            "disk_encryption": "true",
                            "hardware": "shared",
                            "id": "bof9hf2d0lu5tosarfl0/bof9hf2d0lu5tosarfl0-197ef87",
                            "labels.%": "2",
                            "labels.ibm-cloud.kubernetes.io/worker-pool-id": "bof9hf2d0lu5tosarfl0-197ef87",
                            "labels.mul_az": "mul_az_pool",
                            "machine_type": "b2c.4x16",
                            "region": "us-south",
                            "resource_controller_url": "https://cloud.ibm.com/kubernetes/clusters",
                            "resource_group_id": "c66327a3523043c39a6411a787915d5a",
                            "size_per_zone": "3",
                            "state": "active",
                            "worker_pool_name": "terraform_test_pool2",
                            "zones.#": "0"
                        },
                        "meta": {
                            "e2bfb730-ecaa-11e6-8f88-34363bc7c4c0": {
                                "update": 5400000000000
                            }
                        },
                        "tainted": false
                    },
                    "deposed": [],
                    "provider": "provider.ibm"
                },
                "ibm_container_worker_pool_zone_attachment.multizone.1": {
                    "type": "ibm_container_worker_pool_zone_attachment",
                    "depends_on": [
                        "data.ibm_resource_group.resource-group",
                        "ibm_container_cluster.iks-cluster",
                        "ibm_container_worker_pool.multizone",
                        "ibm_network_vlan.private.1",
                        "ibm_network_vlan.public.1"
                    ],
                    "primary": {
                        "id": "bof9hf2d0lu5tosarfl0/bof9hf2d0lu5tosarfl0-197ef87/dal12",
                        "attributes": {
                            "cluster": "bof9hf2d0lu5tosarfl0",
                            "id": "bof9hf2d0lu5tosarfl0/bof9hf2d0lu5tosarfl0-197ef87/dal12",
                            "private_vlan_id": "2782646",
                            "public_vlan_id": "2782642",
                            "region": "us-south",
                            "resource_group_id": "c66327a3523043c39a6411a787915d5a",
                            "worker_count": "3",
                            "worker_pool": "bof9hf2d0lu5tosarfl0-197ef87",
                            "zone": "dal12"
                        },
                        "meta": {
                            "e2bfb730-ecaa-11e6-8f88-34363bc7c4c0": {
                                "create": 5400000000000,
                                "delete": 5400000000000,
                                "update": 5400000000000
                            }
                        },
                        "tainted": false
                    },
                    "deposed": [],
                    "provider": "provider.ibm"
                },
                "ibm_network_vlan.private.0": {
                    "type": "ibm_network_vlan",
                    "depends_on": [],
                    "primary": {
                        "id": "2782652",
                        "attributes": {
                            "child_resource_count": "0",
                            "datacenter": "dal10",
                            "id": "2782652",
                            "name": "f-env2-dev-dal10",
                            "router_hostname": "bcr01a.dal10",
                            "softlayer_managed": "false",
                            "subnets.#": "0",
                            "type": "PRIVATE",
                            "vlan_number": "843"
                        },
                        "meta": {
                            "e2bfb730-ecaa-11e6-8f88-34363bc7c4c0": {
                                "delete": 600000000000
                            }
                        },
                        "tainted": false
                    },
                    "deposed": [],
                    "provider": "provider.ibm"
                },
                "ibm_network_vlan.private.1": {
                    "type": "ibm_network_vlan",
                    "depends_on": [],
                    "primary": {
                        "id": "2782646",
                        "attributes": {
                            "child_resource_count": "0",
                            "datacenter": "dal12",
                            "id": "2782646",
                            "name": "f-env2-dev-dal12",
                            "router_hostname": "bcr01a.dal12",
                            "softlayer_managed": "false",
                            "subnets.#": "0",
                            "type": "PRIVATE",
                            "vlan_number": "921"
                        },
                        "meta": {
                            "e2bfb730-ecaa-11e6-8f88-34363bc7c4c0": {
                                "delete": 600000000000
                            }
                        },
                        "tainted": false
                    },
                    "deposed": [],
                    "provider": "provider.ibm"
                },
                "ibm_network_vlan.private.2": {
                    "type": "ibm_network_vlan",
                    "depends_on": [],
                    "primary": {
                        "id": "2782648",
                        "attributes": {
                            "child_resource_count": "0",
                            "datacenter": "dal13",
                            "id": "2782648",
                            "name": "f-env2-dev-dal13",
                            "router_hostname": "bcr01a.dal13",
                            "softlayer_managed": "false",
                            "subnets.#": "0",
                            "type": "PRIVATE",
                            "vlan_number": "1439"
                        },
                        "meta": {
                            "e2bfb730-ecaa-11e6-8f88-34363bc7c4c0": {
                                "delete": 600000000000
                            }
                        },
                        "tainted": false
                    },
                    "deposed": [],
                    "provider": "provider.ibm"
                },
                "ibm_network_vlan.public.0": {
                    "type": "ibm_network_vlan",
                    "depends_on": [],
                    "primary": {
                        "id": "2782644",
                        "attributes": {
                            "child_resource_count": "0",
                            "datacenter": "dal10",
                            "id": "2782644",
                            "name": "env2-dev-dal10",
                            "router_hostname": "fcr01a.dal10",
                            "softlayer_managed": "false",
                            "subnets.#": "0",
                            "type": "PUBLIC",
                            "vlan_number": "865"
                        },
                        "meta": {
                            "e2bfb730-ecaa-11e6-8f88-34363bc7c4c0": {
                                "delete": 600000000000
                            }
                        },
                        "tainted": false
                    },
                    "deposed": [],
                    "provider": "provider.ibm"
                },
                "ibm_network_vlan.public.1": {
                    "type": "ibm_network_vlan",
                    "depends_on": [],
                    "primary": {
                        "id": "2782642",
                        "attributes": {
                            "child_resource_count": "0",
                            "datacenter": "dal12",
                            "id": "2782642",
                            "name": "env2-dev-dal12",
                            "router_hostname": "fcr01a.dal12",
                            "softlayer_managed": "false",
                            "subnets.#": "0",
                            "type": "PUBLIC",
                            "vlan_number": "772"
                        },
                        "meta": {
                            "e2bfb730-ecaa-11e6-8f88-34363bc7c4c0": {
                                "delete": 600000000000
                            }
                        },
                        "tainted": false
                    },
                    "deposed": [],
                    "provider": "provider.ibm"
                },
                "ibm_network_vlan.public.2": {
                    "type": "ibm_network_vlan",
                    "depends_on": [],
                    "primary": {
                        "id": "2782650",
                        "attributes": {
                            "child_resource_count": "0",
                            "datacenter": "dal13",
                            "id": "2782650",
                            "name": "env2-dev-dal13",
                            "router_hostname": "fcr01a.dal13",
                            "softlayer_managed": "false",
                            "subnets.#": "0",
                            "type": "PUBLIC",
                            "vlan_number": "976"
                        },
                        "meta": {
                            "e2bfb730-ecaa-11e6-8f88-34363bc7c4c0": {
                                "delete": 600000000000
                            }
                        },
                        "tainted": false
                    },
                    "deposed": [],
                    "provider": "provider.ibm"
                }
            },
            "depends_on": []
        }
    ]
}
